
Microsoft Visual Studio Solution File, Format Version 12.00
# Visual Studio Version 16
VisualStudioVersion = 25.0.1706.10
MinimumVisualStudioVersion = 10.0.40219.1
Project("{FAE04EC0-301F-11D3-BF4B-00C04F79EFBC}") = "Trigonometry", "Trigonometry\Trigonometry.csproj", "{C3AA36D5-3F74-448C-891A-03E9CB9FA690}"
EndProject
Project("{FAE04EC0-301F-11D3-BF4B-00C04F79EFBC}") = "DomainTest", "DomainTest\DomainTest.csproj", "{8E6BB13E-F203-4A67-A42C-6A7CFEA54820}"
EndProject
Project("{FAE04EC0-301F-11D3-BF4B-00C04F79EFBC}") = "TrigonometryTest", "TrigonometryTeste\TrigonometryTest.csproj", "{BD682B95-421D-4E7D-B8F6-015F9480BA0D}"
EndProject
Global
	GlobalSection(SolutionConfigurationPlatforms) = preSolution
		Debug|Any CPU = Debug|Any CPU
		Release|Any CPU = Release|Any CPU
	EndGlobalSection
	GlobalSection(ProjectConfigurationPlatforms) = postSolution
		{C3AA36D5-3F74-448C-891A-03E9CB9FA690}.Debug|Any CPU.ActiveCfg = Debug|Any CPU
		{C3AA36D5-3F74-448C-891A-03E9CB9FA690}.Debug|Any CPU.Build.0 = Debug|Any CPU
		{C3AA36D5-3F74-448C-891A-03E9CB9FA690}.Release|Any CPU.ActiveCfg = Release|Any CPU
		{C3AA36D5-3F74-448C-891A-03E9CB9FA690}.Release|Any CPU.Build.0 = Release|Any CPU
		{8E6BB13E-F203-4A67-A42C-6A7CFEA54820}.Debug|Any CPU.ActiveCfg = Debug|Any CPU
		{8E6BB13E-F203-4A67-A42C-6A7CFEA54820}.Debug|Any CPU.Build.0 = Debug|Any CPU
		{8E6BB13E-F203-4A67-A42C-6A7CFEA54820}.Release|Any CPU.ActiveCfg = Release|Any CPU
		{8E6BB13E-F203-4A67-A42C-6A7CFEA54820}.Release|Any CPU.Build.0 = Release|Any CPU
		{BD682B95-421D-4E7D-B8F6-015F9480BA0D}.Debug|Any CPU.ActiveCfg = Debug|Any CPU
		{BD682B95-421D-4E7D-B8F6-015F9480BA0D}.Debug|Any CPU.Build.0 = Debug|Any CPU
		{BD682B95-421D-4E7D-B8F6-015F9480BA0D}.Release|Any CPU.ActiveCfg = Release|Any CPU
		{BD682B95-421D-4E7D-B8F6-015F9480BA0D}.Release|Any CPU.Build.0 = Release|Any CPU
	EndGlobalSection
	GlobalSection(SolutionProperties) = preSolution
		HideSolutionNode = FALSE
	EndGlobalSection
	GlobalSection(ExtensibilityGlobals) = postSolution
		SolutionGuid = {ABEE28CC-268B-40CC-B185-205E415511F3}
	EndGlobalSection
EndGlobal
